
Microsoft Visual Studio Solution File, Format Version 12.00
# Visual Studio Version 17
VisualStudioVersion = 17.12.35521.163 d17.12
MinimumVisualStudioVersion = 10.0.40219.1
Project("{FAE04EC0-301F-11D3-BF4B-00C04F79EFBC}") = "api", "api\api.csproj", "{36E5CB1E-81F6-4A1A-A7FF-4831C82C63BC}"
EndProject
Project("{9092AA53-FB77-4645-B42D-1CCCA6BD08BD}") = "client", "client\client.njsproj", "{F2B433DE-881C-4646-8E45-2323C876BFE7}"
EndProject
Global
	GlobalSection(SolutionConfigurationPlatforms) = preSolution
		Debug|Any CPU = Debug|Any CPU
		Release|Any CPU = Release|Any CPU
	EndGlobalSection
	GlobalSection(ProjectConfigurationPlatforms) = postSolution
		{36E5CB1E-81F6-4A1A-A7FF-4831C82C63BC}.Debug|Any CPU.ActiveCfg = Debug|Any CPU
		{36E5CB1E-81F6-4A1A-A7FF-4831C82C63BC}.Debug|Any CPU.Build.0 = Debug|Any CPU
		{36E5CB1E-81F6-4A1A-A7FF-4831C82C63BC}.Release|Any CPU.ActiveCfg = Release|Any CPU
		{36E5CB1E-81F6-4A1A-A7FF-4831C82C63BC}.Release|Any CPU.Build.0 = Release|Any CPU
		{F2B433DE-881C-4646-8E45-2323C876BFE7}.Debug|Any CPU.ActiveCfg = Debug|Any CPU
		{F2B433DE-881C-4646-8E45-2323C876BFE7}.Debug|Any CPU.Build.0 = Debug|Any CPU
		{F2B433DE-881C-4646-8E45-2323C876BFE7}.Release|Any CPU.ActiveCfg = Release|Any CPU
		{F2B433DE-881C-4646-8E45-2323C876BFE7}.Release|Any CPU.Build.0 = Release|Any CPU
	EndGlobalSection
	GlobalSection(SolutionProperties) = preSolution
		HideSolutionNode = FALSE
	EndGlobalSection
EndGlobal
